
Microsoft Visual Studio Solution File, Format Version 12.00
# Visual Studio Version 17
VisualStudioVersion = 17.13.35818.85
MinimumVisualStudioVersion = 10.0.40219.1
Project("{FAE04EC0-301F-11D3-BF4B-00C04F79EFBC}") = "WebApp", "WebApp\WebApp.csproj", "{C2035BD8-F2FC-44E8-8C0A-43DD0FF27491}"
EndProject
Project("{FAE04EC0-301F-11D3-BF4B-00C04F79EFBC}") = "WebApp.Tests", "WebApp.Tests\WebApp.Tests.csproj", "{35AAE61C-15C4-4DC3-B97F-45125C6BF5F3}"
EndProject
Global
	GlobalSection(SolutionConfigurationPlatforms) = preSolution
		Debug|Any CPU = Debug|Any CPU
		Release|Any CPU = Release|Any CPU
	EndGlobalSection
	GlobalSection(ProjectConfigurationPlatforms) = postSolution
		{C2035BD8-F2FC-44E8-8C0A-43DD0FF27491}.Debug|Any CPU.ActiveCfg = Debug|Any CPU
		{C2035BD8-F2FC-44E8-8C0A-43DD0FF27491}.Debug|Any CPU.Build.0 = Debug|Any CPU
		{C2035BD8-F2FC-44E8-8C0A-43DD0FF27491}.Release|Any CPU.ActiveCfg = Release|Any CPU
		{C2035BD8-F2FC-44E8-8C0A-43DD0FF27491}.Release|Any CPU.Build.0 = Release|Any CPU
		{35AAE61C-15C4-4DC3-B97F-45125C6BF5F3}.Debug|Any CPU.ActiveCfg = Debug|Any CPU
		{35AAE61C-15C4-4DC3-B97F-45125C6BF5F3}.Debug|Any CPU.Build.0 = Debug|Any CPU
		{35AAE61C-15C4-4DC3-B97F-45125C6BF5F3}.Release|Any CPU.ActiveCfg = Release|Any CPU
		{35AAE61C-15C4-4DC3-B97F-45125C6BF5F3}.Release|Any CPU.Build.0 = Release|Any CPU
	EndGlobalSection
	GlobalSection(SolutionProperties) = preSolution
		HideSolutionNode = FALSE
	EndGlobalSection
	GlobalSection(ExtensibilityGlobals) = postSolution
		SolutionGuid = {11D91DD8-10EA-47B4-A0B9-06C579F17DA6}
	EndGlobalSection
EndGlobal
